
Microsoft Visual Studio Solution File, Format Version 12.00
# Visual Studio Version 17
VisualStudioVersion = 17.7.34031.279
MinimumVisualStudioVersion = 10.0.40219.1
Project("{9A19103F-16F7-4668-BE54-9A1E7A4F7556}") = "BlazorEcommerce.Server", "Server\BlazorEcommerce.Server.csproj", "{493E5488-329F-4F9A-9CD2-B4B3AD7A9AD8}"
EndProject
Project("{9A19103F-16F7-4668-BE54-9A1E7A4F7556}") = "BlazorEcommerce.Client", "Client\BlazorEcommerce.Client.csproj", "{90186C84-44B7-43A0-8855-6A9827C4D2F5}"
EndProject
Project("{9A19103F-16F7-4668-BE54-9A1E7A4F7556}") = "BlazorEcommerce.Shared", "Shared\BlazorEcommerce.Shared.csproj", "{B8D19162-2DA1-454A-8897-DE585E11C4E8}"
EndProject
Global
	GlobalSection(SolutionConfigurationPlatforms) = preSolution
		Debug|Any CPU = Debug|Any CPU
		Release|Any CPU = Release|Any CPU
	EndGlobalSection
	GlobalSection(ProjectConfigurationPlatforms) = postSolution
		{493E5488-329F-4F9A-9CD2-B4B3AD7A9AD8}.Debug|Any CPU.ActiveCfg = Debug|Any CPU
		{493E5488-329F-4F9A-9CD2-B4B3AD7A9AD8}.Debug|Any CPU.Build.0 = Debug|Any CPU
		{493E5488-329F-4F9A-9CD2-B4B3AD7A9AD8}.Release|Any CPU.ActiveCfg = Release|Any CPU
		{493E5488-329F-4F9A-9CD2-B4B3AD7A9AD8}.Release|Any CPU.Build.0 = Release|Any CPU
		{90186C84-44B7-43A0-8855-6A9827C4D2F5}.Debug|Any CPU.ActiveCfg = Debug|Any CPU
		{90186C84-44B7-43A0-8855-6A9827C4D2F5}.Debug|Any CPU.Build.0 = Debug|Any CPU
		{90186C84-44B7-43A0-8855-6A9827C4D2F5}.Release|Any CPU.ActiveCfg = Release|Any CPU
		{90186C84-44B7-43A0-8855-6A9827C4D2F5}.Release|Any CPU.Build.0 = Release|Any CPU
		{B8D19162-2DA1-454A-8897-DE585E11C4E8}.Debug|Any CPU.ActiveCfg = Debug|Any CPU
		{B8D19162-2DA1-454A-8897-DE585E11C4E8}.Debug|Any CPU.Build.0 = Debug|Any CPU
		{B8D19162-2DA1-454A-8897-DE585E11C4E8}.Release|Any CPU.ActiveCfg = Release|Any CPU
		{B8D19162-2DA1-454A-8897-DE585E11C4E8}.Release|Any CPU.Build.0 = Release|Any CPU
	EndGlobalSection
	GlobalSection(SolutionProperties) = preSolution
		HideSolutionNode = FALSE
	EndGlobalSection
	GlobalSection(ExtensibilityGlobals) = postSolution
		SolutionGuid = {036AD061-A9A7-4826-89DE-38CCC212002B}
	EndGlobalSection
EndGlobal
